
Microsoft Visual Studio Solution File, Format Version 12.00
# Visual Studio 15
VisualStudioVersion = 15.0.26430.16
MinimumVisualStudioVersion = 10.0.40219.1
Project("{FAE04EC0-301F-11D3-BF4B-00C04F79EFBC}") = "Metro.DynamicModeules.Main", "Metro.DynamicModeules.Main\Metro.DynamicModeules.Main.csproj", "{DCBE7AA8-F10A-4746-A924-D767A1036691}"
EndProject
Project("{FAE04EC0-301F-11D3-BF4B-00C04F79EFBC}") = "Metro.DynamicModeules.BaseControls", "Metro.DynamicModeules.BaseControls\Metro.DynamicModeules.BaseControls.csproj", "{A482CD5F-389C-41C4-B537-CBAC13EAA932}"
EndProject
Project("{2150E333-8FDC-42A3-9474-1A3956D46DE8}") = "modules", "modules", "{B8048C39-234B-4B9E-BE70-69201B23A173}"
EndProject
Project("{FAE04EC0-301F-11D3-BF4B-00C04F79EFBC}") = "MaterialDesignColors.Wpf", "MaterialDesignColors.Wpf\MaterialDesignColors.Wpf.csproj", "{90B53209-C60C-4655-B28D-A1B3E1044BA3}"
EndProject
Project("{FAE04EC0-301F-11D3-BF4B-00C04F79EFBC}") = "Metro.DynamicModeules.Models", "Metro.DynamicModeules.Models\Metro.DynamicModeules.Models.csproj", "{937E0D53-9696-48AB-B12F-736BC6D43F15}"
EndProject
Project("{FAE04EC0-301F-11D3-BF4B-00C04F79EFBC}") = "Metro.DynamicModeules.BLL", "Metro.DynamicModeules.BLL\Metro.DynamicModeules.BLL.csproj", "{A674DB78-C6CB-409B-893D-728ABF88EC84}"
EndProject
Project("{FAE04EC0-301F-11D3-BF4B-00C04F79EFBC}") = "Metro.DynamicModeules.Common", "Metro.DynamicModeules.Common\Metro.DynamicModeules.Common.csproj", "{269ECEFF-B6C2-4708-86BA-AFBB1A2B045C}"
EndProject
Project("{FAE04EC0-301F-11D3-BF4B-00C04F79EFBC}") = "SystemModule", "SystemModule\SystemModule.csproj", "{8E2BC205-7975-4F33-A87A-F9E55A69C107}"
EndProject
Project("{FAE04EC0-301F-11D3-BF4B-00C04F79EFBC}") = "Metro.DynamicModeules.Interface", "..\..\DynamicWebApi\Metro.DynamicModeules.WebApi\Metro.DynamicModeules.Interface\Metro.DynamicModeules.Interface.csproj", "{66B7A24B-9FB9-4436-A269-F6740E700C03}"
EndProject
Project("{FAE04EC0-301F-11D3-BF4B-00C04F79EFBC}") = "UpdateClient", "UpdateClient\UpdateClient.csproj", "{C46C8CCD-4D5D-44AA-9C01-12AB98E5E920}"
EndProject
Global
	GlobalSection(SolutionConfigurationPlatforms) = preSolution
		AppVeyor|Any CPU = AppVeyor|Any CPU
		AppVeyor|x86 = AppVeyor|x86
		Debug|Any CPU = Debug|Any CPU
		Debug|x86 = Debug|x86
		Release|Any CPU = Release|Any CPU
		Release|x86 = Release|x86
	EndGlobalSection
	GlobalSection(ProjectConfigurationPlatforms) = postSolution
		{DCBE7AA8-F10A-4746-A924-D767A1036691}.AppVeyor|Any CPU.ActiveCfg = Release|Any CPU
		{DCBE7AA8-F10A-4746-A924-D767A1036691}.AppVeyor|Any CPU.Build.0 = Release|Any CPU
		{DCBE7AA8-F10A-4746-A924-D767A1036691}.AppVeyor|x86.ActiveCfg = Release|x86
		{DCBE7AA8-F10A-4746-A924-D767A1036691}.AppVeyor|x86.Build.0 = Release|x86
		{DCBE7AA8-F10A-4746-A924-D767A1036691}.Debug|Any CPU.ActiveCfg = Debug|Any CPU
		{DCBE7AA8-F10A-4746-A924-D767A1036691}.Debug|Any CPU.Build.0 = Debug|Any CPU
		{DCBE7AA8-F10A-4746-A924-D767A1036691}.Debug|x86.ActiveCfg = Debug|x86
		{DCBE7AA8-F10A-4746-A924-D767A1036691}.Debug|x86.Build.0 = Debug|x86
		{DCBE7AA8-F10A-4746-A924-D767A1036691}.Release|Any CPU.ActiveCfg = Release|Any CPU
		{DCBE7AA8-F10A-4746-A924-D767A1036691}.Release|Any CPU.Build.0 = Release|Any CPU
		{DCBE7AA8-F10A-4746-A924-D767A1036691}.Release|x86.ActiveCfg = Release|x86
		{DCBE7AA8-F10A-4746-A924-D767A1036691}.Release|x86.Build.0 = Release|x86
		{A482CD5F-389C-41C4-B537-CBAC13EAA932}.AppVeyor|Any CPU.ActiveCfg = Release|Any CPU
		{A482CD5F-389C-41C4-B537-CBAC13EAA932}.AppVeyor|Any CPU.Build.0 = Release|Any CPU
		{A482CD5F-389C-41C4-B537-CBAC13EAA932}.AppVeyor|x86.ActiveCfg = Release|x86
		{A482CD5F-389C-41C4-B537-CBAC13EAA932}.AppVeyor|x86.Build.0 = Release|x86
		{A482CD5F-389C-41C4-B537-CBAC13EAA932}.Debug|Any CPU.ActiveCfg = Debug|Any CPU
		{A482CD5F-389C-41C4-B537-CBAC13EAA932}.Debug|Any CPU.Build.0 = Debug|Any CPU
		{A482CD5F-389C-41C4-B537-CBAC13EAA932}.Debug|x86.ActiveCfg = Debug|x86
		{A482CD5F-389C-41C4-B537-CBAC13EAA932}.Debug|x86.Build.0 = Debug|x86
		{A482CD5F-389C-41C4-B537-CBAC13EAA932}.Release|Any CPU.ActiveCfg = Release|Any CPU
		{A482CD5F-389C-41C4-B537-CBAC13EAA932}.Release|Any CPU.Build.0 = Release|Any CPU
		{A482CD5F-389C-41C4-B537-CBAC13EAA932}.Release|x86.ActiveCfg = Release|x86
		{A482CD5F-389C-41C4-B537-CBAC13EAA932}.Release|x86.Build.0 = Release|x86
		{90B53209-C60C-4655-B28D-A1B3E1044BA3}.AppVeyor|Any CPU.ActiveCfg = AppVeyor|Any CPU
		{90B53209-C60C-4655-B28D-A1B3E1044BA3}.AppVeyor|Any CPU.Build.0 = AppVeyor|Any CPU
		{90B53209-C60C-4655-B28D-A1B3E1044BA3}.AppVeyor|x86.ActiveCfg = AppVeyor|Any CPU
		{90B53209-C60C-4655-B28D-A1B3E1044BA3}.AppVeyor|x86.Build.0 = AppVeyor|Any CPU
		{90B53209-C60C-4655-B28D-A1B3E1044BA3}.Debug|Any CPU.ActiveCfg = Debug|Any CPU
		{90B53209-C60C-4655-B28D-A1B3E1044BA3}.Debug|Any CPU.Build.0 = Debug|Any CPU
		{90B53209-C60C-4655-B28D-A1B3E1044BA3}.Debug|x86.ActiveCfg = Debug|x86
		{90B53209-C60C-4655-B28D-A1B3E1044BA3}.Debug|x86.Build.0 = Debug|x86
		{90B53209-C60C-4655-B28D-A1B3E1044BA3}.Release|Any CPU.ActiveCfg = Release|Any CPU
		{90B53209-C60C-4655-B28D-A1B3E1044BA3}.Release|Any CPU.Build.0 = Release|Any CPU
		{90B53209-C60C-4655-B28D-A1B3E1044BA3}.Release|x86.ActiveCfg = Release|Any CPU
		{90B53209-C60C-4655-B28D-A1B3E1044BA3}.Release|x86.Build.0 = Release|Any CPU
		{937E0D53-9696-48AB-B12F-736BC6D43F15}.AppVeyor|Any CPU.ActiveCfg = Release|Any CPU
		{937E0D53-9696-48AB-B12F-736BC6D43F15}.AppVeyor|Any CPU.Build.0 = Release|Any CPU
		{937E0D53-9696-48AB-B12F-736BC6D43F15}.AppVeyor|x86.ActiveCfg = Release|Any CPU
		{937E0D53-9696-48AB-B12F-736BC6D43F15}.AppVeyor|x86.Build.0 = Release|Any CPU
		{937E0D53-9696-48AB-B12F-736BC6D43F15}.Debug|Any CPU.ActiveCfg = Debug|Any CPU
		{937E0D53-9696-48AB-B12F-736BC6D43F15}.Debug|Any CPU.Build.0 = Debug|Any CPU
		{937E0D53-9696-48AB-B12F-736BC6D43F15}.Debug|x86.ActiveCfg = Debug|x86
		{937E0D53-9696-48AB-B12F-736BC6D43F15}.Debug|x86.Build.0 = Debug|x86
		{937E0D53-9696-48AB-B12F-736BC6D43F15}.Release|Any CPU.ActiveCfg = Release|Any CPU
		{937E0D53-9696-48AB-B12F-736BC6D43F15}.Release|Any CPU.Build.0 = Release|Any CPU
		{937E0D53-9696-48AB-B12F-736BC6D43F15}.Release|x86.ActiveCfg = Release|Any CPU
		{937E0D53-9696-48AB-B12F-736BC6D43F15}.Release|x86.Build.0 = Release|Any CPU
		{A674DB78-C6CB-409B-893D-728ABF88EC84}.AppVeyor|Any CPU.ActiveCfg = Release|Any CPU
		{A674DB78-C6CB-409B-893D-728ABF88EC84}.AppVeyor|Any CPU.Build.0 = Release|Any CPU
		{A674DB78-C6CB-409B-893D-728ABF88EC84}.AppVeyor|x86.ActiveCfg = Release|x86
		{A674DB78-C6CB-409B-893D-728ABF88EC84}.AppVeyor|x86.Build.0 = Release|x86
		{A674DB78-C6CB-409B-893D-728ABF88EC84}.Debug|Any CPU.ActiveCfg = Debug|Any CPU
		{A674DB78-C6CB-409B-893D-728ABF88EC84}.Debug|Any CPU.Build.0 = Debug|Any CPU
		{A674DB78-C6CB-409B-893D-728ABF88EC84}.Debug|x86.ActiveCfg = Debug|x86
		{A674DB78-C6CB-409B-893D-728ABF88EC84}.Debug|x86.Build.0 = Debug|x86
		{A674DB78-C6CB-409B-893D-728ABF88EC84}.Release|Any CPU.ActiveCfg = Release|Any CPU
		{A674DB78-C6CB-409B-893D-728ABF88EC84}.Release|Any CPU.Build.0 = Release|Any CPU
		{A674DB78-C6CB-409B-893D-728ABF88EC84}.Release|x86.ActiveCfg = Release|x86
		{A674DB78-C6CB-409B-893D-728ABF88EC84}.Release|x86.Build.0 = Release|x86
		{269ECEFF-B6C2-4708-86BA-AFBB1A2B045C}.AppVeyor|Any CPU.ActiveCfg = Release|Any CPU
		{269ECEFF-B6C2-4708-86BA-AFBB1A2B045C}.AppVeyor|Any CPU.Build.0 = Release|Any CPU
		{269ECEFF-B6C2-4708-86BA-AFBB1A2B045C}.AppVeyor|x86.ActiveCfg = Release|x86
		{269ECEFF-B6C2-4708-86BA-AFBB1A2B045C}.AppVeyor|x86.Build.0 = Release|x86
		{269ECEFF-B6C2-4708-86BA-AFBB1A2B045C}.Debug|Any CPU.ActiveCfg = Debug|Any CPU
		{269ECEFF-B6C2-4708-86BA-AFBB1A2B045C}.Debug|Any CPU.Build.0 = Debug|Any CPU
		{269ECEFF-B6C2-4708-86BA-AFBB1A2B045C}.Debug|x86.ActiveCfg = Debug|x86
		{269ECEFF-B6C2-4708-86BA-AFBB1A2B045C}.Debug|x86.Build.0 = Debug|x86
		{269ECEFF-B6C2-4708-86BA-AFBB1A2B045C}.Release|Any CPU.ActiveCfg = Release|Any CPU
		{269ECEFF-B6C2-4708-86BA-AFBB1A2B045C}.Release|Any CPU.Build.0 = Release|Any CPU
		{269ECEFF-B6C2-4708-86BA-AFBB1A2B045C}.Release|x86.ActiveCfg = Release|x86
		{269ECEFF-B6C2-4708-86BA-AFBB1A2B045C}.Release|x86.Build.0 = Release|x86
		{8E2BC205-7975-4F33-A87A-F9E55A69C107}.AppVeyor|Any CPU.ActiveCfg = Release|Any CPU
		{8E2BC205-7975-4F33-A87A-F9E55A69C107}.AppVeyor|Any CPU.Build.0 = Release|Any CPU
		{8E2BC205-7975-4F33-A87A-F9E55A69C107}.AppVeyor|x86.ActiveCfg = Release|Any CPU
		{8E2BC205-7975-4F33-A87A-F9E55A69C107}.AppVeyor|x86.Build.0 = Release|Any CPU
		{8E2BC205-7975-4F33-A87A-F9E55A69C107}.Debug|Any CPU.ActiveCfg = Debug|Any CPU
		{8E2BC205-7975-4F33-A87A-F9E55A69C107}.Debug|Any CPU.Build.0 = Debug|Any CPU
		{8E2BC205-7975-4F33-A87A-F9E55A69C107}.Debug|x86.ActiveCfg = Debug|x86
		{8E2BC205-7975-4F33-A87A-F9E55A69C107}.Debug|x86.Build.0 = Debug|x86
		{8E2BC205-7975-4F33-A87A-F9E55A69C107}.Release|Any CPU.ActiveCfg = Release|Any CPU
		{8E2BC205-7975-4F33-A87A-F9E55A69C107}.Release|Any CPU.Build.0 = Release|Any CPU
		{8E2BC205-7975-4F33-A87A-F9E55A69C107}.Release|x86.ActiveCfg = Release|Any CPU
		{8E2BC205-7975-4F33-A87A-F9E55A69C107}.Release|x86.Build.0 = Release|Any CPU
		{66B7A24B-9FB9-4436-A269-F6740E700C03}.AppVeyor|Any CPU.ActiveCfg = Release|Any CPU
		{66B7A24B-9FB9-4436-A269-F6740E700C03}.AppVeyor|Any CPU.Build.0 = Release|Any CPU
		{66B7A24B-9FB9-4436-A269-F6740E700C03}.AppVeyor|x86.ActiveCfg = Release|x86
		{66B7A24B-9FB9-4436-A269-F6740E700C03}.AppVeyor|x86.Build.0 = Release|x86
		{66B7A24B-9FB9-4436-A269-F6740E700C03}.Debug|Any CPU.ActiveCfg = Debug|Any CPU
		{66B7A24B-9FB9-4436-A269-F6740E700C03}.Debug|Any CPU.Build.0 = Debug|Any CPU
		{66B7A24B-9FB9-4436-A269-F6740E700C03}.Debug|x86.ActiveCfg = Debug|x86
		{66B7A24B-9FB9-4436-A269-F6740E700C03}.Debug|x86.Build.0 = Debug|x86
		{66B7A24B-9FB9-4436-A269-F6740E700C03}.Release|Any CPU.ActiveCfg = Release|Any CPU
		{66B7A24B-9FB9-4436-A269-F6740E700C03}.Release|Any CPU.Build.0 = Release|Any CPU
		{66B7A24B-9FB9-4436-A269-F6740E700C03}.Release|x86.ActiveCfg = Release|x86
		{66B7A24B-9FB9-4436-A269-F6740E700C03}.Release|x86.Build.0 = Release|x86
		{C46C8CCD-4D5D-44AA-9C01-12AB98E5E920}.AppVeyor|Any CPU.ActiveCfg = Release|Any CPU
		{C46C8CCD-4D5D-44AA-9C01-12AB98E5E920}.AppVeyor|Any CPU.Build.0 = Release|Any CPU
		{C46C8CCD-4D5D-44AA-9C01-12AB98E5E920}.AppVeyor|x86.ActiveCfg = Release|x86
		{C46C8CCD-4D5D-44AA-9C01-12AB98E5E920}.AppVeyor|x86.Build.0 = Release|x86
		{C46C8CCD-4D5D-44AA-9C01-12AB98E5E920}.Debug|Any CPU.ActiveCfg = Debug|Any CPU
		{C46C8CCD-4D5D-44AA-9C01-12AB98E5E920}.Debug|Any CPU.Build.0 = Debug|Any CPU
		{C46C8CCD-4D5D-44AA-9C01-12AB98E5E920}.Debug|x86.ActiveCfg = Debug|x86
		{C46C8CCD-4D5D-44AA-9C01-12AB98E5E920}.Debug|x86.Build.0 = Debug|x86
		{C46C8CCD-4D5D-44AA-9C01-12AB98E5E920}.Release|Any CPU.ActiveCfg = Release|Any CPU
		{C46C8CCD-4D5D-44AA-9C01-12AB98E5E920}.Release|Any CPU.Build.0 = Release|Any CPU
		{C46C8CCD-4D5D-44AA-9C01-12AB98E5E920}.Release|x86.ActiveCfg = Release|x86
		{C46C8CCD-4D5D-44AA-9C01-12AB98E5E920}.Release|x86.Build.0 = Release|x86
	EndGlobalSection
	GlobalSection(SolutionProperties) = preSolution
		HideSolutionNode = FALSE
	EndGlobalSection
	GlobalSection(NestedProjects) = preSolution
		{8E2BC205-7975-4F33-A87A-F9E55A69C107} = {B8048C39-234B-4B9E-BE70-69201B23A173}
	EndGlobalSection
EndGlobal
